{
  "name": "Sautee-Seattle",
  "requires": true,
  "lockfileVersion": 1,
  "dependencies": {
    "spinners": {
      "version": "1.2.2",
      "resolved": "https://registry.npmjs.org/spinners/-/spinners-1.2.2.tgz",
      "integrity": "sha1-CviMtrPemmiEqx4ukiCmEtcsc8M=",
      "dev": true
    }
  }
}
